// !$*UTF8*$!
{
	archiveVersion = 1;
	classes = {
	};
	objectVersion = 55;
	objects = {

/* Begin PBXBuildFile section */
		336D1FBB29A379BB004A1B0C /* OleksandrKharchenkoFactory.swift in Sources */ = {isa = PBXBuildFile; fileRef = 336D1FBA29A379BB004A1B0C /* OleksandrKharchenkoFactory.swift */; };
		481D888C299FE916002ABFDC /* YefimYakuninFactory.swift in Sources */ = {isa = PBXBuildFile; fileRef = 481D888B299FE916002ABFDC /* YefimYakuninFactory.swift */; };
		48BB00A829AE81F9005E6B81 /* YefimYakuninCoffeShopChallengeViewController.swift in Sources */ = {isa = PBXBuildFile; fileRef = 48BB00A629AE81F9005E6B81 /* YefimYakuninCoffeShopChallengeViewController.swift */; };
		48BB00A929AE81F9005E6B81 /* YefimYakuninCoffeShopChallengeViewController.xib in Resources */ = {isa = PBXBuildFile; fileRef = 48BB00A729AE81F9005E6B81 /* YefimYakuninCoffeShopChallengeViewController.xib */; };
		48BB00AB29AF57E1005E6B81 /* YefimYakunin_MainButton.swift in Sources */ = {isa = PBXBuildFile; fileRef = 48BB00AA29AF57E1005E6B81 /* YefimYakunin_MainButton.swift */; };
		48BB00B029AF6397005E6B81 /* YeYa_CoffeeShopCell.swift in Sources */ = {isa = PBXBuildFile; fileRef = 48BB00AE29AF6397005E6B81 /* YeYa_CoffeeShopCell.swift */; };
		48BB00B129AF6397005E6B81 /* YeYa_CoffeeShopCell.xib in Resources */ = {isa = PBXBuildFile; fileRef = 48BB00AF29AF6397005E6B81 /* YeYa_CoffeeShopCell.xib */; };
		48E148B129A74FB500E26085 /* YefimYakunin_StartScreenViewController.swift in Sources */ = {isa = PBXBuildFile; fileRef = 48E148AF29A74FB500E26085 /* YefimYakunin_StartScreenViewController.swift */; };
		48E148B229A74FB500E26085 /* YefimYakunin_StartScreenViewController.xib in Resources */ = {isa = PBXBuildFile; fileRef = 48E148B029A74FB500E26085 /* YefimYakunin_StartScreenViewController.xib */; };
		5B49A8E0922581C728BFE3D4 /* Pods_UIMentoringSession.framework in Frameworks */ = {isa = PBXBuildFile; fileRef = A3575D63F953A1A3474014A5 /* Pods_UIMentoringSession.framework */; };
		8D40068129AD00D300FB54B2 /* OleksandrKharchenko_StartScreenViewController.xib in Resources */ = {isa = PBXBuildFile; fileRef = 8D40067F29AD00D300FB54B2 /* OleksandrKharchenko_StartScreenViewController.xib */; };
		8D40068229AD00D300FB54B2 /* OleksandrKharchenko_StartScreenViewController.swift in Sources */ = {isa = PBXBuildFile; fileRef = 8D40068029AD00D300FB54B2 /* OleksandrKharchenko_StartScreenViewController.swift */; };
		8D4271CD299F789400321A85 /* AppDelegate.swift in Sources */ = {isa = PBXBuildFile; fileRef = 8D4271CC299F789400321A85 /* AppDelegate.swift */; };
		8D4271CF299F789400321A85 /* SceneDelegate.swift in Sources */ = {isa = PBXBuildFile; fileRef = 8D4271CE299F789400321A85 /* SceneDelegate.swift */; };
		8D4271D6299F789600321A85 /* Assets.xcassets in Resources */ = {isa = PBXBuildFile; fileRef = 8D4271D5299F789600321A85 /* Assets.xcassets */; };
		8D4271D9299F789600321A85 /* LaunchScreen.storyboard in Resources */ = {isa = PBXBuildFile; fileRef = 8D4271D7299F789600321A85 /* LaunchScreen.storyboard */; };
		8D4271F0299F7F2700321A85 /* MenteeChallengesFactory.swift in Sources */ = {isa = PBXBuildFile; fileRef = 8D4271EF299F7F2700321A85 /* MenteeChallengesFactory.swift */; };
		8D4271F3299F81A300321A85 /* MenteesListController.swift in Sources */ = {isa = PBXBuildFile; fileRef = 8D4271F2299F81A300321A85 /* MenteesListController.swift */; };
		8D4271F5299F84D700321A85 /* ChallengesListViewController.swift in Sources */ = {isa = PBXBuildFile; fileRef = 8D4271F4299F84D700321A85 /* ChallengesListViewController.swift */; };
		8D4271FD299F9A0C00321A85 /* MenteesList.swift in Sources */ = {isa = PBXBuildFile; fileRef = 8D4271FC299F9A0C00321A85 /* MenteesList.swift */; };
		8D46C98B29A64B1400431E17 /* README.md in Resources */ = {isa = PBXBuildFile; fileRef = 8D46C98A29A64B1400431E17 /* README.md */; };
		8D59901A299FC33500AF9342 /* OleksandrNikolaichukFactory.swift in Sources */ = {isa = PBXBuildFile; fileRef = 8D599019299FC33500AF9342 /* OleksandrNikolaichukFactory.swift */; };
/* End PBXBuildFile section */

/* Begin PBXFileReference section */
		336D1FBA29A379BB004A1B0C /* OleksandrKharchenkoFactory.swift */ = {isa = PBXFileReference; lastKnownFileType = sourcecode.swift; path = OleksandrKharchenkoFactory.swift; sourceTree = "<group>"; };
		45CFAE3178BDE4DAD05774A7 /* Pods-UIMentoringSession.debug.xcconfig */ = {isa = PBXFileReference; includeInIndex = 1; lastKnownFileType = text.xcconfig; name = "Pods-UIMentoringSession.debug.xcconfig"; path = "Target Support Files/Pods-UIMentoringSession/Pods-UIMentoringSession.debug.xcconfig"; sourceTree = "<group>"; };
		481D888B299FE916002ABFDC /* YefimYakuninFactory.swift */ = {isa = PBXFileReference; lastKnownFileType = sourcecode.swift; path = YefimYakuninFactory.swift; sourceTree = "<group>"; };
		48BB00A629AE81F9005E6B81 /* YefimYakuninCoffeShopChallengeViewController.swift */ = {isa = PBXFileReference; lastKnownFileType = sourcecode.swift; path = YefimYakuninCoffeShopChallengeViewController.swift; sourceTree = "<group>"; };
		48BB00A729AE81F9005E6B81 /* YefimYakuninCoffeShopChallengeViewController.xib */ = {isa = PBXFileReference; lastKnownFileType = file.xib; path = YefimYakuninCoffeShopChallengeViewController.xib; sourceTree = "<group>"; };
		48BB00AA29AF57E1005E6B81 /* YefimYakunin_MainButton.swift */ = {isa = PBXFileReference; lastKnownFileType = sourcecode.swift; path = YefimYakunin_MainButton.swift; sourceTree = "<group>"; };
		48BB00AE29AF6397005E6B81 /* YeYa_CoffeeShopCell.swift */ = {isa = PBXFileReference; lastKnownFileType = sourcecode.swift; path = YeYa_CoffeeShopCell.swift; sourceTree = "<group>"; };
		48BB00AF29AF6397005E6B81 /* YeYa_CoffeeShopCell.xib */ = {isa = PBXFileReference; lastKnownFileType = file.xib; path = YeYa_CoffeeShopCell.xib; sourceTree = "<group>"; };
		48E148AF29A74FB500E26085 /* YefimYakunin_StartScreenViewController.swift */ = {isa = PBXFileReference; lastKnownFileType = sourcecode.swift; path = YefimYakunin_StartScreenViewController.swift; sourceTree = "<group>"; };
		48E148B029A74FB500E26085 /* YefimYakunin_StartScreenViewController.xib */ = {isa = PBXFileReference; lastKnownFileType = file.xib; path = YefimYakunin_StartScreenViewController.xib; sourceTree = "<group>"; };
		8D40067F29AD00D300FB54B2 /* OleksandrKharchenko_StartScreenViewController.xib */ = {isa = PBXFileReference; fileEncoding = 4; lastKnownFileType = file.xib; path = OleksandrKharchenko_StartScreenViewController.xib; sourceTree = "<group>"; };
		8D40068029AD00D300FB54B2 /* OleksandrKharchenko_StartScreenViewController.swift */ = {isa = PBXFileReference; fileEncoding = 4; lastKnownFileType = sourcecode.swift; path = OleksandrKharchenko_StartScreenViewController.swift; sourceTree = "<group>"; };
		8D4271C9299F789400321A85 /* UIMentoringSession.app */ = {isa = PBXFileReference; explicitFileType = wrapper.application; includeInIndex = 0; path = UIMentoringSession.app; sourceTree = BUILT_PRODUCTS_DIR; };
		8D4271CC299F789400321A85 /* AppDelegate.swift */ = {isa = PBXFileReference; lastKnownFileType = sourcecode.swift; path = AppDelegate.swift; sourceTree = "<group>"; };
		8D4271CE299F789400321A85 /* SceneDelegate.swift */ = {isa = PBXFileReference; lastKnownFileType = sourcecode.swift; path = SceneDelegate.swift; sourceTree = "<group>"; };
		8D4271D5299F789600321A85 /* Assets.xcassets */ = {isa = PBXFileReference; lastKnownFileType = folder.assetcatalog; path = Assets.xcassets; sourceTree = "<group>"; };
		8D4271D8299F789600321A85 /* Base */ = {isa = PBXFileReference; lastKnownFileType = file.storyboard; name = Base; path = Base.lproj/LaunchScreen.storyboard; sourceTree = "<group>"; };
		8D4271DA299F789600321A85 /* Info.plist */ = {isa = PBXFileReference; lastKnownFileType = text.plist.xml; path = Info.plist; sourceTree = "<group>"; };
		8D4271E2299F7BBD00321A85 /* README.md */ = {isa = PBXFileReference; fileEncoding = 4; lastKnownFileType = net.daringfireball.markdown; path = README.md; sourceTree = SOURCE_ROOT; };
		8D4271EF299F7F2700321A85 /* MenteeChallengesFactory.swift */ = {isa = PBXFileReference; lastKnownFileType = sourcecode.swift; path = MenteeChallengesFactory.swift; sourceTree = "<group>"; };
		8D4271F2299F81A300321A85 /* MenteesListController.swift */ = {isa = PBXFileReference; lastKnownFileType = sourcecode.swift; path = MenteesListController.swift; sourceTree = "<group>"; };
		8D4271F4299F84D700321A85 /* ChallengesListViewController.swift */ = {isa = PBXFileReference; lastKnownFileType = sourcecode.swift; path = ChallengesListViewController.swift; sourceTree = "<group>"; };
		8D4271FC299F9A0C00321A85 /* MenteesList.swift */ = {isa = PBXFileReference; lastKnownFileType = sourcecode.swift; path = MenteesList.swift; sourceTree = "<group>"; };
		8D4271FE299FA6ED00321A85 /* README.md */ = {isa = PBXFileReference; fileEncoding = 4; lastKnownFileType = net.daringfireball.markdown; path = README.md; sourceTree = "<group>"; };
		8D46C98A29A64B1400431E17 /* README.md */ = {isa = PBXFileReference; fileEncoding = 4; lastKnownFileType = net.daringfireball.markdown; path = README.md; sourceTree = "<group>"; };
		8D599019299FC33500AF9342 /* OleksandrNikolaichukFactory.swift */ = {isa = PBXFileReference; lastKnownFileType = sourcecode.swift; path = OleksandrNikolaichukFactory.swift; sourceTree = "<group>"; };
		A3575D63F953A1A3474014A5 /* Pods_UIMentoringSession.framework */ = {isa = PBXFileReference; explicitFileType = wrapper.framework; includeInIndex = 0; path = Pods_UIMentoringSession.framework; sourceTree = BUILT_PRODUCTS_DIR; };
		E03CD8BBA43A72A796F0311B /* Pods-UIMentoringSession.release.xcconfig */ = {isa = PBXFileReference; includeInIndex = 1; lastKnownFileType = text.xcconfig; name = "Pods-UIMentoringSession.release.xcconfig"; path = "Target Support Files/Pods-UIMentoringSession/Pods-UIMentoringSession.release.xcconfig"; sourceTree = "<group>"; };
/* End PBXFileReference section */

/* Begin PBXFrameworksBuildPhase section */
		8D4271C6299F789400321A85 /* Frameworks */ = {
			isa = PBXFrameworksBuildPhase;
			buildActionMask = 2147483647;
			files = (
				5B49A8E0922581C728BFE3D4 /* Pods_UIMentoringSession.framework in Frameworks */,
			);
			runOnlyForDeploymentPostprocessing = 0;
		};
/* End PBXFrameworksBuildPhase section */

/* Begin PBXGroup section */
		48BB00AC29AF62A9005E6B81 /* Views */ = {
			isa = PBXGroup;
			children = (
				48BB00AD29AF62D3005E6B81 /* YeYa_CoffeeShopCell */,
				48BB00AA29AF57E1005E6B81 /* YefimYakunin_MainButton.swift */,
			);
			path = Views;
			sourceTree = "<group>";
		};
		48BB00AD29AF62D3005E6B81 /* YeYa_CoffeeShopCell */ = {
			isa = PBXGroup;
			children = (
				48BB00AE29AF6397005E6B81 /* YeYa_CoffeeShopCell.swift */,
				48BB00AF29AF6397005E6B81 /* YeYa_CoffeeShopCell.xib */,
			);
			path = YeYa_CoffeeShopCell;
			sourceTree = "<group>";
		};
		48E148AE29A74EF300E26085 /* YefimYakunin */ = {
			isa = PBXGroup;
			children = (
				48E148AF29A74FB500E26085 /* YefimYakunin_StartScreenViewController.swift */,
				48E148B029A74FB500E26085 /* YefimYakunin_StartScreenViewController.xib */,
			);
			path = YefimYakunin;
			sourceTree = "<group>";
		};
		5ED2BA0C25A7B4D4BD72A1F4 /* Pods */ = {
			isa = PBXGroup;
			children = (
				45CFAE3178BDE4DAD05774A7 /* Pods-UIMentoringSession.debug.xcconfig */,
				E03CD8BBA43A72A796F0311B /* Pods-UIMentoringSession.release.xcconfig */,
			);
			path = Pods;
			sourceTree = "<group>";
		};
		8D40067D29AD00BE00FB54B2 /* Recovered References */ = {
			isa = PBXGroup;
			children = (
			);
			name = "Recovered References";
			sourceTree = "<group>";
		};
		8D40067E29AD00D300FB54B2 /* OleksandrKharchenko */ = {
			isa = PBXGroup;
			children = (
				8D40067F29AD00D300FB54B2 /* OleksandrKharchenko_StartScreenViewController.xib */,
				8D40068029AD00D300FB54B2 /* OleksandrKharchenko_StartScreenViewController.swift */,
			);
			path = OleksandrKharchenko;
			sourceTree = "<group>";
		};
		8D40068429ADF9F300FB54B2 /* OleksandrKharchenko */ = {
			isa = PBXGroup;
			children = (
			);
			path = OleksandrKharchenko;
			sourceTree = "<group>";
		};
		8D40068529ADF9F900FB54B2 /* YefimYakunin */ = {
			isa = PBXGroup;
			children = (
				48BB00AC29AF62A9005E6B81 /* Views */,
				48BB00A629AE81F9005E6B81 /* YefimYakuninCoffeShopChallengeViewController.swift */,
				48BB00A729AE81F9005E6B81 /* YefimYakuninCoffeShopChallengeViewController.xib */,
			);
			path = YefimYakunin;
			sourceTree = "<group>";
		};
		8D4271C0299F789400321A85 = {
			isa = PBXGroup;
			children = (
				8D4271CB299F789400321A85 /* UIMentoringSession */,
				8D4271CA299F789400321A85 /* Products */,
				5ED2BA0C25A7B4D4BD72A1F4 /* Pods */,
				99B34E112B037536B2CDAFE0 /* Frameworks */,
				8D40067D29AD00BE00FB54B2 /* Recovered References */,
			);
			sourceTree = "<group>";
		};
		8D4271CA299F789400321A85 /* Products */ = {
			isa = PBXGroup;
			children = (
				8D4271C9299F789400321A85 /* UIMentoringSession.app */,
			);
			name = Products;
			sourceTree = "<group>";
		};
		8D4271CB299F789400321A85 /* UIMentoringSession */ = {
			isa = PBXGroup;
			children = (
				8D4271E2299F7BBD00321A85 /* README.md */,
				8D4271F6299F994300321A85 /* MenteesList */,
				8D4271E4299F7BD000321A85 /* MenteesChallenges */,
				8D4271F1299F817300321A85 /* Core */,
				8D4271CC299F789400321A85 /* AppDelegate.swift */,
				8D4271CE299F789400321A85 /* SceneDelegate.swift */,
				8D4271D5299F789600321A85 /* Assets.xcassets */,
				8D4271D7299F789600321A85 /* LaunchScreen.storyboard */,
				8D4271DA299F789600321A85 /* Info.plist */,
			);
			path = UIMentoringSession;
			sourceTree = "<group>";
		};
		8D4271E4299F7BD000321A85 /* MenteesChallenges */ = {
			isa = PBXGroup;
			children = (
				8D46C98929A64A0900431E17 /* Start Screen UI Challenge */,
				8D4271E7299F7C6C00321A85 /* CoffeeShop UI Challenge */,
			);
			path = MenteesChallenges;
			sourceTree = "<group>";
		};
		8D4271E7299F7C6C00321A85 /* CoffeeShop UI Challenge */ = {
			isa = PBXGroup;
			children = (
				8D40068529ADF9F900FB54B2 /* YefimYakunin */,
				8D40068429ADF9F300FB54B2 /* OleksandrKharchenko */,
				8D4271FE299FA6ED00321A85 /* README.md */,
			);
			path = "CoffeeShop UI Challenge";
			sourceTree = "<group>";
		};
		8D4271F1299F817300321A85 /* Core */ = {
			isa = PBXGroup;
			children = (
				8D4271EF299F7F2700321A85 /* MenteeChallengesFactory.swift */,
				8D4271F2299F81A300321A85 /* MenteesListController.swift */,
				8D4271F4299F84D700321A85 /* ChallengesListViewController.swift */,
			);
			path = Core;
			sourceTree = "<group>";
		};
		8D4271F6299F994300321A85 /* MenteesList */ = {
			isa = PBXGroup;
			children = (
				8D4271FC299F9A0C00321A85 /* MenteesList.swift */,
				8D599019299FC33500AF9342 /* OleksandrNikolaichukFactory.swift */,
				481D888B299FE916002ABFDC /* YefimYakuninFactory.swift */,
				336D1FBA29A379BB004A1B0C /* OleksandrKharchenkoFactory.swift */,
			);
			path = MenteesList;
			sourceTree = "<group>";
		};
		8D46C98929A64A0900431E17 /* Start Screen UI Challenge */ = {
			isa = PBXGroup;
			children = (
				8D40067E29AD00D300FB54B2 /* OleksandrKharchenko */,
				48E148AE29A74EF300E26085 /* YefimYakunin */,
				8D46C98A29A64B1400431E17 /* README.md */,
			);
			path = "Start Screen UI Challenge";
			sourceTree = "<group>";
		};
		99B34E112B037536B2CDAFE0 /* Frameworks */ = {
			isa = PBXGroup;
			children = (
				A3575D63F953A1A3474014A5 /* Pods_UIMentoringSession.framework */,
			);
			name = Frameworks;
			sourceTree = "<group>";
		};
/* End PBXGroup section */

/* Begin PBXNativeTarget section */
		8D4271C8299F789400321A85 /* UIMentoringSession */ = {
			isa = PBXNativeTarget;
			buildConfigurationList = 8D4271DD299F789600321A85 /* Build configuration list for PBXNativeTarget "UIMentoringSession" */;
			buildPhases = (
				AD96B828A7F51E3AD63429D1 /* [CP] Check Pods Manifest.lock */,
				8D4271C5299F789400321A85 /* Sources */,
				8D4271C6299F789400321A85 /* Frameworks */,
				8D4271C7299F789400321A85 /* Resources */,
			);
			buildRules = (
			);
			dependencies = (
			);
			name = UIMentoringSession;
			productName = UIMentoringSession;
			productReference = 8D4271C9299F789400321A85 /* UIMentoringSession.app */;
			productType = "com.apple.product-type.application";
		};
/* End PBXNativeTarget section */

/* Begin PBXProject section */
		8D4271C1299F789400321A85 /* Project object */ = {
			isa = PBXProject;
			attributes = {
				BuildIndependentTargetsInParallel = 1;
				LastSwiftUpdateCheck = 1420;
				LastUpgradeCheck = 1420;
				ORGANIZATIONNAME = "Almost Engineer";
				TargetAttributes = {
					8D4271C8299F789400321A85 = {
						CreatedOnToolsVersion = 14.2;
					};
				};
			};
			buildConfigurationList = 8D4271C4299F789400321A85 /* Build configuration list for PBXProject "UIMentoringSession" */;
			compatibilityVersion = "Xcode 13.0";
			developmentRegion = en;
			hasScannedForEncodings = 0;
			knownRegions = (
				en,
				Base,
			);
			mainGroup = 8D4271C0299F789400321A85;
			productRefGroup = 8D4271CA299F789400321A85 /* Products */;
			projectDirPath = "";
			projectRoot = "";
			targets = (
				8D4271C8299F789400321A85 /* UIMentoringSession */,
			);
		};
/* End PBXProject section */

/* Begin PBXResourcesBuildPhase section */
		8D4271C7299F789400321A85 /* Resources */ = {
			isa = PBXResourcesBuildPhase;
			buildActionMask = 2147483647;
			files = (
				48BB00B129AF6397005E6B81 /* YeYa_CoffeeShopCell.xib in Resources */,
				48E148B229A74FB500E26085 /* YefimYakunin_StartScreenViewController.xib in Resources */,
				8D46C98B29A64B1400431E17 /* README.md in Resources */,
				8D4271D9299F789600321A85 /* LaunchScreen.storyboard in Resources */,
				8D4271D6299F789600321A85 /* Assets.xcassets in Resources */,
				8D40068129AD00D300FB54B2 /* OleksandrKharchenko_StartScreenViewController.xib in Resources */,
				48BB00A929AE81F9005E6B81 /* YefimYakuninCoffeShopChallengeViewController.xib in Resources */,
			);
			runOnlyForDeploymentPostprocessing = 0;
		};
/* End PBXResourcesBuildPhase section */

/* Begin PBXShellScriptBuildPhase section */
		AD96B828A7F51E3AD63429D1 /* [CP] Check Pods Manifest.lock */ = {
			isa = PBXShellScriptBuildPhase;
			buildActionMask = 2147483647;
			files = (
			);
			inputFileListPaths = (
			);
			inputPaths = (
				"${PODS_PODFILE_DIR_PATH}/Podfile.lock",
				"${PODS_ROOT}/Manifest.lock",
			);
			name = "[CP] Check Pods Manifest.lock";
			outputFileListPaths = (
			);
			outputPaths = (
				"$(DERIVED_FILE_DIR)/Pods-UIMentoringSession-checkManifestLockResult.txt",
			);
			runOnlyForDeploymentPostprocessing = 0;
			shellPath = /bin/sh;
			shellScript = "diff \"${PODS_PODFILE_DIR_PATH}/Podfile.lock\" \"${PODS_ROOT}/Manifest.lock\" > /dev/null\nif [ $? != 0 ] ; then\n    # print error to STDERR\n    echo \"error: The sandbox is not in sync with the Podfile.lock. Run 'pod install' or update your CocoaPods installation.\" >&2\n    exit 1\nfi\n# This output is used by Xcode 'outputs' to avoid re-running this script phase.\necho \"SUCCESS\" > \"${SCRIPT_OUTPUT_FILE_0}\"\n";
			showEnvVarsInLog = 0;
		};
/* End PBXShellScriptBuildPhase section */

/* Begin PBXSourcesBuildPhase section */
		8D4271C5299F789400321A85 /* Sources */ = {
			isa = PBXSourcesBuildPhase;
			buildActionMask = 2147483647;
			files = (
				336D1FBB29A379BB004A1B0C /* OleksandrKharchenkoFactory.swift in Sources */,
				8D4271CD299F789400321A85 /* AppDelegate.swift in Sources */,
				48E148B129A74FB500E26085 /* YefimYakunin_StartScreenViewController.swift in Sources */,
				48BB00AB29AF57E1005E6B81 /* YefimYakunin_MainButton.swift in Sources */,
				8D4271FD299F9A0C00321A85 /* MenteesList.swift in Sources */,
				8D4271F0299F7F2700321A85 /* MenteeChallengesFactory.swift in Sources */,
				48BB00A829AE81F9005E6B81 /* YefimYakuninCoffeShopChallengeViewController.swift in Sources */,
				8D4271CF299F789400321A85 /* SceneDelegate.swift in Sources */,
				8D4271F5299F84D700321A85 /* ChallengesListViewController.swift in Sources */,
				481D888C299FE916002ABFDC /* YefimYakuninFactory.swift in Sources */,
				8D59901A299FC33500AF9342 /* OleksandrNikolaichukFactory.swift in Sources */,
				8D4271F3299F81A300321A85 /* MenteesListController.swift in Sources */,
				8D40068229AD00D300FB54B2 /* OleksandrKharchenko_StartScreenViewController.swift in Sources */,
				48BB00B029AF6397005E6B81 /* YeYa_CoffeeShopCell.swift in Sources */,
			);
			runOnlyForDeploymentPostprocessing = 0;
		};
/* End PBXSourcesBuildPhase section */

/* Begin PBXVariantGroup section */
		8D4271D7299F789600321A85 /* LaunchScreen.storyboard */ = {
			isa = PBXVariantGroup;
			children = (
				8D4271D8299F789600321A85 /* Base */,
			);
			name = LaunchScreen.storyboard;
			sourceTree = "<group>";
		};
/* End PBXVariantGroup section */

/* Begin XCBuildConfiguration section */
		8D4271DB299F789600321A85 /* Debug */ = {
			isa = XCBuildConfiguration;
			buildSettings = {
				ALWAYS_SEARCH_USER_PATHS = NO;
				CLANG_ANALYZER_NONNULL = YES;
				CLANG_ANALYZER_NUMBER_OBJECT_CONVERSION = YES_AGGRESSIVE;
				CLANG_CXX_LANGUAGE_STANDARD = "gnu++20";
				CLANG_ENABLE_MODULES = YES;
				CLANG_ENABLE_OBJC_ARC = YES;
				CLANG_ENABLE_OBJC_WEAK = YES;
				CLANG_WARN_BLOCK_CAPTURE_AUTORELEASING = YES;
				CLANG_WARN_BOOL_CONVERSION = YES;
				CLANG_WARN_COMMA = YES;
				CLANG_WARN_CONSTANT_CONVERSION = YES;
				CLANG_WARN_DEPRECATED_OBJC_IMPLEMENTATIONS = YES;
				CLANG_WARN_DIRECT_OBJC_ISA_USAGE = YES_ERROR;
				CLANG_WARN_DOCUMENTATION_COMMENTS = YES;
				CLANG_WARN_EMPTY_BODY = YES;
				CLANG_WARN_ENUM_CONVERSION = YES;
				CLANG_WARN_INFINITE_RECURSION = YES;
				CLANG_WARN_INT_CONVERSION = YES;
				CLANG_WARN_NON_LITERAL_NULL_CONVERSION = YES;
				CLANG_WARN_OBJC_IMPLICIT_RETAIN_SELF = YES;
				CLANG_WARN_OBJC_LITERAL_CONVERSION = YES;
				CLANG_WARN_OBJC_ROOT_CLASS = YES_ERROR;
				CLANG_WARN_QUOTED_INCLUDE_IN_FRAMEWORK_HEADER = YES;
				CLANG_WARN_RANGE_LOOP_ANALYSIS = YES;
				CLANG_WARN_STRICT_PROTOTYPES = YES;
				CLANG_WARN_SUSPICIOUS_MOVE = YES;
				CLANG_WARN_UNGUARDED_AVAILABILITY = YES_AGGRESSIVE;
				CLANG_WARN_UNREACHABLE_CODE = YES;
				CLANG_WARN__DUPLICATE_METHOD_MATCH = YES;
				COPY_PHASE_STRIP = NO;
				DEBUG_INFORMATION_FORMAT = dwarf;
				ENABLE_STRICT_OBJC_MSGSEND = YES;
				ENABLE_TESTABILITY = YES;
				GCC_C_LANGUAGE_STANDARD = gnu11;
				GCC_DYNAMIC_NO_PIC = NO;
				GCC_NO_COMMON_BLOCKS = YES;
				GCC_OPTIMIZATION_LEVEL = 0;
				GCC_PREPROCESSOR_DEFINITIONS = (
					"DEBUG=1",
					"$(inherited)",
				);
				GCC_WARN_64_TO_32_BIT_CONVERSION = YES;
				GCC_WARN_ABOUT_RETURN_TYPE = YES_ERROR;
				GCC_WARN_UNDECLARED_SELECTOR = YES;
				GCC_WARN_UNINITIALIZED_AUTOS = YES_AGGRESSIVE;
				GCC_WARN_UNUSED_FUNCTION = YES;
				GCC_WARN_UNUSED_VARIABLE = YES;
				IPHONEOS_DEPLOYMENT_TARGET = 15.0;
				MTL_ENABLE_DEBUG_INFO = INCLUDE_SOURCE;
				MTL_FAST_MATH = YES;
				ONLY_ACTIVE_ARCH = YES;
				SDKROOT = iphoneos;
				SWIFT_ACTIVE_COMPILATION_CONDITIONS = DEBUG;
				SWIFT_OPTIMIZATION_LEVEL = "-Onone";
			};
			name = Debug;
		};
		8D4271DC299F789600321A85 /* Release */ = {
			isa = XCBuildConfiguration;
			buildSettings = {
				ALWAYS_SEARCH_USER_PATHS = NO;
				CLANG_ANALYZER_NONNULL = YES;
				CLANG_ANALYZER_NUMBER_OBJECT_CONVERSION = YES_AGGRESSIVE;
				CLANG_CXX_LANGUAGE_STANDARD = "gnu++20";
				CLANG_ENABLE_MODULES = YES;
				CLANG_ENABLE_OBJC_ARC = YES;
				CLANG_ENABLE_OBJC_WEAK = YES;
				CLANG_WARN_BLOCK_CAPTURE_AUTORELEASING = YES;
				CLANG_WARN_BOOL_CONVERSION = YES;
				CLANG_WARN_COMMA = YES;
				CLANG_WARN_CONSTANT_CONVERSION = YES;
				CLANG_WARN_DEPRECATED_OBJC_IMPLEMENTATIONS = YES;
				CLANG_WARN_DIRECT_OBJC_ISA_USAGE = YES_ERROR;
				CLANG_WARN_DOCUMENTATION_COMMENTS = YES;
				CLANG_WARN_EMPTY_BODY = YES;
				CLANG_WARN_ENUM_CONVERSION = YES;
				CLANG_WARN_INFINITE_RECURSION = YES;
				CLANG_WARN_INT_CONVERSION = YES;
				CLANG_WARN_NON_LITERAL_NULL_CONVERSION = YES;
				CLANG_WARN_OBJC_IMPLICIT_RETAIN_SELF = YES;
				CLANG_WARN_OBJC_LITERAL_CONVERSION = YES;
				CLANG_WARN_OBJC_ROOT_CLASS = YES_ERROR;
				CLANG_WARN_QUOTED_INCLUDE_IN_FRAMEWORK_HEADER = YES;
				CLANG_WARN_RANGE_LOOP_ANALYSIS = YES;
				CLANG_WARN_STRICT_PROTOTYPES = YES;
				CLANG_WARN_SUSPICIOUS_MOVE = YES;
				CLANG_WARN_UNGUARDED_AVAILABILITY = YES_AGGRESSIVE;
				CLANG_WARN_UNREACHABLE_CODE = YES;
				CLANG_WARN__DUPLICATE_METHOD_MATCH = YES;
				COPY_PHASE_STRIP = NO;
				DEBUG_INFORMATION_FORMAT = "dwarf-with-dsym";
				ENABLE_NS_ASSERTIONS = NO;
				ENABLE_STRICT_OBJC_MSGSEND = YES;
				GCC_C_LANGUAGE_STANDARD = gnu11;
				GCC_NO_COMMON_BLOCKS = YES;
				GCC_WARN_64_TO_32_BIT_CONVERSION = YES;
				GCC_WARN_ABOUT_RETURN_TYPE = YES_ERROR;
				GCC_WARN_UNDECLARED_SELECTOR = YES;
				GCC_WARN_UNINITIALIZED_AUTOS = YES_AGGRESSIVE;
				GCC_WARN_UNUSED_FUNCTION = YES;
				GCC_WARN_UNUSED_VARIABLE = YES;
				IPHONEOS_DEPLOYMENT_TARGET = 15.0;
				MTL_ENABLE_DEBUG_INFO = NO;
				MTL_FAST_MATH = YES;
				SDKROOT = iphoneos;
				SWIFT_COMPILATION_MODE = wholemodule;
				SWIFT_OPTIMIZATION_LEVEL = "-O";
				VALIDATE_PRODUCT = YES;
			};
			name = Release;
		};
		8D4271DE299F789600321A85 /* Debug */ = {
			isa = XCBuildConfiguration;
			baseConfigurationReference = 45CFAE3178BDE4DAD05774A7 /* Pods-UIMentoringSession.debug.xcconfig */;
			buildSettings = {
				ASSETCATALOG_COMPILER_APPICON_NAME = AppIcon;
				ASSETCATALOG_COMPILER_GLOBAL_ACCENT_COLOR_NAME = AccentColor;
				CODE_SIGN_STYLE = Automatic;
				CURRENT_PROJECT_VERSION = 1;
				DEVELOPMENT_TEAM = 59HT9UJH46;
				GENERATE_INFOPLIST_FILE = YES;
				INFOPLIST_FILE = UIMentoringSession/Info.plist;
				INFOPLIST_KEY_UIApplicationSupportsIndirectInputEvents = YES;
				INFOPLIST_KEY_UILaunchStoryboardName = LaunchScreen;
				INFOPLIST_KEY_UIMainStoryboardFile = "";
				INFOPLIST_KEY_UISupportedInterfaceOrientations_iPad = "UIInterfaceOrientationPortrait UIInterfaceOrientationPortraitUpsideDown UIInterfaceOrientationLandscapeLeft UIInterfaceOrientationLandscapeRight";
				INFOPLIST_KEY_UISupportedInterfaceOrientations_iPhone = "UIInterfaceOrientationPortrait UIInterfaceOrientationLandscapeLeft UIInterfaceOrientationLandscapeRight";
				IPHONEOS_DEPLOYMENT_TARGET = 15.0;
				LD_RUNPATH_SEARCH_PATHS = (
					"$(inherited)",
					"@executable_path/Frameworks",
				);
				MARKETING_VERSION = 1.0;
				PRODUCT_BUNDLE_IDENTIFIER = "AE-team.UIMentoringSession";
				PRODUCT_NAME = "$(TARGET_NAME)";
				SUPPORTED_PLATFORMS = "iphoneos iphonesimulator";
				SUPPORTS_MACCATALYST = NO;
				SUPPORTS_MAC_DESIGNED_FOR_IPHONE_IPAD = NO;
				SWIFT_EMIT_LOC_STRINGS = YES;
				SWIFT_VERSION = 5.0;
				TARGETED_DEVICE_FAMILY = 1;
			};
			name = Debug;
		};
		8D4271DF299F789600321A85 /* Release */ = {
			isa = XCBuildConfiguration;
			baseConfigurationReference = E03CD8BBA43A72A796F0311B /* Pods-UIMentoringSession.release.xcconfig */;
			buildSettings = {
				ASSETCATALOG_COMPILER_APPICON_NAME = AppIcon;
				ASSETCATALOG_COMPILER_GLOBAL_ACCENT_COLOR_NAME = AccentColor;
				CODE_SIGN_STYLE = Automatic;
				CURRENT_PROJECT_VERSION = 1;
				DEVELOPMENT_TEAM = 59HT9UJH46;
				GENERATE_INFOPLIST_FILE = YES;
				INFOPLIST_FILE = UIMentoringSession/Info.plist;
				INFOPLIST_KEY_UIApplicationSupportsIndirectInputEvents = YES;
				INFOPLIST_KEY_UILaunchStoryboardName = LaunchScreen;
				INFOPLIST_KEY_UIMainStoryboardFile = "";
				INFOPLIST_KEY_UISupportedInterfaceOrientations_iPad = "UIInterfaceOrientationPortrait UIInterfaceOrientationPortraitUpsideDown UIInterfaceOrientationLandscapeLeft UIInterfaceOrientationLandscapeRight";
				INFOPLIST_KEY_UISupportedInterfaceOrientations_iPhone = "UIInterfaceOrientationPortrait UIInterfaceOrientationLandscapeLeft UIInterfaceOrientationLandscapeRight";
				IPHONEOS_DEPLOYMENT_TARGET = 15.0;
				LD_RUNPATH_SEARCH_PATHS = (
					"$(inherited)",
					"@executable_path/Frameworks",
				);
				MARKETING_VERSION = 1.0;
				PRODUCT_BUNDLE_IDENTIFIER = "AE-team.UIMentoringSession";
				PRODUCT_NAME = "$(TARGET_NAME)";
				SUPPORTED_PLATFORMS = "iphoneos iphonesimulator";
				SUPPORTS_MACCATALYST = NO;
				SUPPORTS_MAC_DESIGNED_FOR_IPHONE_IPAD = NO;
				SWIFT_EMIT_LOC_STRINGS = YES;
				SWIFT_VERSION = 5.0;
				TARGETED_DEVICE_FAMILY = 1;
			};
			name = Release;
		};
/* End XCBuildConfiguration section */

/* Begin XCConfigurationList section */
		8D4271C4299F789400321A85 /* Build configuration list for PBXProject "UIMentoringSession" */ = {
			isa = XCConfigurationList;
			buildConfigurations = (
				8D4271DB299F789600321A85 /* Debug */,
				8D4271DC299F789600321A85 /* Release */,
			);
			defaultConfigurationIsVisible = 0;
			defaultConfigurationName = Release;
		};
		8D4271DD299F789600321A85 /* Build configuration list for PBXNativeTarget "UIMentoringSession" */ = {
			isa = XCConfigurationList;
			buildConfigurations = (
				8D4271DE299F789600321A85 /* Debug */,
				8D4271DF299F789600321A85 /* Release */,
			);
			defaultConfigurationIsVisible = 0;
			defaultConfigurationName = Release;
		};
/* End XCConfigurationList section */
	};
	rootObject = 8D4271C1299F789400321A85 /* Project object */;
}
